
Microsoft Visual Studio Solution File, Format Version 12.00
# Visual Studio Version 17
VisualStudioVersion = 17.2.32630.192
MinimumVisualStudioVersion = 10.0.40219.1
Project("{8BC9CEB8-8B4A-11D0-8D11-00A0C91BC942}") = "COTE", "COTE.vcxproj", "{B01B0035-9A3B-4758-9DDC-A9226C572848}"
EndProject
Project("{8BC9CEB8-8B4A-11D0-8D11-00A0C91BC942}") = "1152", "..\1152\1152.vcxproj", "{95E7A17D-27C7-4FE5-A35B-2A5C909CA99F}"
EndProject
Project("{8BC9CEB8-8B4A-11D0-8D11-00A0C91BC942}") = "8958", "..\8958\8958.vcxproj", "{CB6ABF0D-793C-481B-AFF1-185345F9FBB2}"
EndProject
Project("{8BC9CEB8-8B4A-11D0-8D11-00A0C91BC942}") = "4673", "..\4673\4673.vcxproj", "{38F0DEB7-1C82-42E7-898E-1F2399C239B4}"
EndProject
Project("{8BC9CEB8-8B4A-11D0-8D11-00A0C91BC942}") = "10814", "..\10814\10814.vcxproj", "{34F4536F-5849-488E-A970-8076E5B30C3D}"
EndProject
Project("{8BC9CEB8-8B4A-11D0-8D11-00A0C91BC942}") = "11399", "..\11399\11399.vcxproj", "{4DC428AD-93C2-4138-A81F-65E743E7CBA4}"
EndProject
Project("{8BC9CEB8-8B4A-11D0-8D11-00A0C91BC942}") = "1920", "..\1181\1181.vcxproj", "{E3244BC4-A45F-4F2F-9EA0-57EB3A14BC58}"
EndProject
Project("{8BC9CEB8-8B4A-11D0-8D11-00A0C91BC942}") = "1316", "..\1316\1316.vcxproj", "{022520DC-D489-4F25-9F4D-7ACF2DE91C10}"
EndProject
Project("{8BC9CEB8-8B4A-11D0-8D11-00A0C91BC942}") = "10250", "..\10250\10250.vcxproj", "{5170FCBA-1838-43B2-83F0-7DB1EB8AC9C4}"
EndProject
Project("{8BC9CEB8-8B4A-11D0-8D11-00A0C91BC942}") = "1157", "..\1157\1157.vcxproj", "{590A35CB-F7E3-4121-8235-B795569470B6}"
EndProject
Project("{8BC9CEB8-8B4A-11D0-8D11-00A0C91BC942}") = "28290", "..\28290\28290.vcxproj", "{7B199BD8-7469-4AF7-8204-E898558F5855}"
EndProject
Project("{8BC9CEB8-8B4A-11D0-8D11-00A0C91BC942}") = "10809", "..\10809\10809.vcxproj", "{41B7A6E8-91BB-449B-8F31-8F61EE14FCDF}"
EndProject
Project("{8BC9CEB8-8B4A-11D0-8D11-00A0C91BC942}") = "14487", "..\14487\14487.vcxproj", "{67193BEF-3C97-4D53-AA66-EE65163ACEE8}"
EndProject
Project("{8BC9CEB8-8B4A-11D0-8D11-00A0C91BC942}") = "14490", "..\14490\14490.vcxproj", "{6512DD4D-0CE2-4FE7-8F03-2AA2E374AC2E}"
EndProject
Project("{8BC9CEB8-8B4A-11D0-8D11-00A0C91BC942}") = "2743", "..\2743\2743.vcxproj", "{545A7223-A3CF-43DA-B8ED-F4429267268E}"
EndProject
Project("{8BC9CEB8-8B4A-11D0-8D11-00A0C91BC942}") = "5597", "..\5597\5597.vcxproj", "{FFF4AAEA-E711-41AE-AF38-00767888E0C1}"
EndProject
Project("{8BC9CEB8-8B4A-11D0-8D11-00A0C91BC942}") = "25304", "..\25304\25304.vcxproj", "{23D962D2-83ED-44AA-A2C6-BC39A8CA5E5D}"
EndProject
Project("{8BC9CEB8-8B4A-11D0-8D11-00A0C91BC942}") = "10845", "..\10845\10845.vcxproj", "{E65B7BDC-15B7-4E37-AB57-BC6393CE57A1}"
EndProject
Global
	GlobalSection(SolutionConfigurationPlatforms) = preSolution
		Debug|x64 = Debug|x64
		Debug|x86 = Debug|x86
		Release|x64 = Release|x64
		Release|x86 = Release|x86
	EndGlobalSection
	GlobalSection(ProjectConfigurationPlatforms) = postSolution
		{B01B0035-9A3B-4758-9DDC-A9226C572848}.Debug|x64.ActiveCfg = Debug|x64
		{B01B0035-9A3B-4758-9DDC-A9226C572848}.Debug|x64.Build.0 = Debug|x64
		{B01B0035-9A3B-4758-9DDC-A9226C572848}.Debug|x86.ActiveCfg = Debug|Win32
		{B01B0035-9A3B-4758-9DDC-A9226C572848}.Debug|x86.Build.0 = Debug|Win32
		{B01B0035-9A3B-4758-9DDC-A9226C572848}.Release|x64.ActiveCfg = Release|x64
		{B01B0035-9A3B-4758-9DDC-A9226C572848}.Release|x64.Build.0 = Release|x64
		{B01B0035-9A3B-4758-9DDC-A9226C572848}.Release|x86.ActiveCfg = Release|Win32
		{B01B0035-9A3B-4758-9DDC-A9226C572848}.Release|x86.Build.0 = Release|Win32
		{95E7A17D-27C7-4FE5-A35B-2A5C909CA99F}.Debug|x64.ActiveCfg = Debug|x64
		{95E7A17D-27C7-4FE5-A35B-2A5C909CA99F}.Debug|x64.Build.0 = Debug|x64
		{95E7A17D-27C7-4FE5-A35B-2A5C909CA99F}.Debug|x86.ActiveCfg = Debug|Win32
		{95E7A17D-27C7-4FE5-A35B-2A5C909CA99F}.Debug|x86.Build.0 = Debug|Win32
		{95E7A17D-27C7-4FE5-A35B-2A5C909CA99F}.Release|x64.ActiveCfg = Release|x64
		{95E7A17D-27C7-4FE5-A35B-2A5C909CA99F}.Release|x64.Build.0 = Release|x64
		{95E7A17D-27C7-4FE5-A35B-2A5C909CA99F}.Release|x86.ActiveCfg = Release|Win32
		{95E7A17D-27C7-4FE5-A35B-2A5C909CA99F}.Release|x86.Build.0 = Release|Win32
		{CB6ABF0D-793C-481B-AFF1-185345F9FBB2}.Debug|x64.ActiveCfg = Debug|x64
		{CB6ABF0D-793C-481B-AFF1-185345F9FBB2}.Debug|x64.Build.0 = Debug|x64
		{CB6ABF0D-793C-481B-AFF1-185345F9FBB2}.Debug|x86.ActiveCfg = Debug|Win32
		{CB6ABF0D-793C-481B-AFF1-185345F9FBB2}.Debug|x86.Build.0 = Debug|Win32
		{CB6ABF0D-793C-481B-AFF1-185345F9FBB2}.Release|x64.ActiveCfg = Release|x64
		{CB6ABF0D-793C-481B-AFF1-185345F9FBB2}.Release|x64.Build.0 = Release|x64
		{CB6ABF0D-793C-481B-AFF1-185345F9FBB2}.Release|x86.ActiveCfg = Release|Win32
		{CB6ABF0D-793C-481B-AFF1-185345F9FBB2}.Release|x86.Build.0 = Release|Win32
		{38F0DEB7-1C82-42E7-898E-1F2399C239B4}.Debug|x64.ActiveCfg = Debug|x64
		{38F0DEB7-1C82-42E7-898E-1F2399C239B4}.Debug|x64.Build.0 = Debug|x64
		{38F0DEB7-1C82-42E7-898E-1F2399C239B4}.Debug|x86.ActiveCfg = Debug|Win32
		{38F0DEB7-1C82-42E7-898E-1F2399C239B4}.Debug|x86.Build.0 = Debug|Win32
		{38F0DEB7-1C82-42E7-898E-1F2399C239B4}.Release|x64.ActiveCfg = Release|x64
		{38F0DEB7-1C82-42E7-898E-1F2399C239B4}.Release|x64.Build.0 = Release|x64
		{38F0DEB7-1C82-42E7-898E-1F2399C239B4}.Release|x86.ActiveCfg = Release|Win32
		{38F0DEB7-1C82-42E7-898E-1F2399C239B4}.Release|x86.Build.0 = Release|Win32
		{34F4536F-5849-488E-A970-8076E5B30C3D}.Debug|x64.ActiveCfg = Debug|x64
		{34F4536F-5849-488E-A970-8076E5B30C3D}.Debug|x64.Build.0 = Debug|x64
		{34F4536F-5849-488E-A970-8076E5B30C3D}.Debug|x86.ActiveCfg = Debug|Win32
		{34F4536F-5849-488E-A970-8076E5B30C3D}.Debug|x86.Build.0 = Debug|Win32
		{34F4536F-5849-488E-A970-8076E5B30C3D}.Release|x64.ActiveCfg = Release|x64
		{34F4536F-5849-488E-A970-8076E5B30C3D}.Release|x64.Build.0 = Release|x64
		{34F4536F-5849-488E-A970-8076E5B30C3D}.Release|x86.ActiveCfg = Release|Win32
		{34F4536F-5849-488E-A970-8076E5B30C3D}.Release|x86.Build.0 = Release|Win32
		{4DC428AD-93C2-4138-A81F-65E743E7CBA4}.Debug|x64.ActiveCfg = Debug|x64
		{4DC428AD-93C2-4138-A81F-65E743E7CBA4}.Debug|x64.Build.0 = Debug|x64
		{4DC428AD-93C2-4138-A81F-65E743E7CBA4}.Debug|x86.ActiveCfg = Debug|Win32
		{4DC428AD-93C2-4138-A81F-65E743E7CBA4}.Debug|x86.Build.0 = Debug|Win32
		{4DC428AD-93C2-4138-A81F-65E743E7CBA4}.Release|x64.ActiveCfg = Release|x64
		{4DC428AD-93C2-4138-A81F-65E743E7CBA4}.Release|x64.Build.0 = Release|x64
		{4DC428AD-93C2-4138-A81F-65E743E7CBA4}.Release|x86.ActiveCfg = Release|Win32
		{4DC428AD-93C2-4138-A81F-65E743E7CBA4}.Release|x86.Build.0 = Release|Win32
		{E3244BC4-A45F-4F2F-9EA0-57EB3A14BC58}.Debug|x64.ActiveCfg = Debug|x64
		{E3244BC4-A45F-4F2F-9EA0-57EB3A14BC58}.Debug|x64.Build.0 = Debug|x64
		{E3244BC4-A45F-4F2F-9EA0-57EB3A14BC58}.Debug|x86.ActiveCfg = Debug|Win32
		{E3244BC4-A45F-4F2F-9EA0-57EB3A14BC58}.Debug|x86.Build.0 = Debug|Win32
		{E3244BC4-A45F-4F2F-9EA0-57EB3A14BC58}.Release|x64.ActiveCfg = Release|x64
		{E3244BC4-A45F-4F2F-9EA0-57EB3A14BC58}.Release|x64.Build.0 = Release|x64
		{E3244BC4-A45F-4F2F-9EA0-57EB3A14BC58}.Release|x86.ActiveCfg = Release|Win32
		{E3244BC4-A45F-4F2F-9EA0-57EB3A14BC58}.Release|x86.Build.0 = Release|Win32
		{022520DC-D489-4F25-9F4D-7ACF2DE91C10}.Debug|x64.ActiveCfg = Debug|x64
		{022520DC-D489-4F25-9F4D-7ACF2DE91C10}.Debug|x64.Build.0 = Debug|x64
		{022520DC-D489-4F25-9F4D-7ACF2DE91C10}.Debug|x86.ActiveCfg = Debug|Win32
		{022520DC-D489-4F25-9F4D-7ACF2DE91C10}.Debug|x86.Build.0 = Debug|Win32
		{022520DC-D489-4F25-9F4D-7ACF2DE91C10}.Release|x64.ActiveCfg = Release|x64
		{022520DC-D489-4F25-9F4D-7ACF2DE91C10}.Release|x64.Build.0 = Release|x64
		{022520DC-D489-4F25-9F4D-7ACF2DE91C10}.Release|x86.ActiveCfg = Release|Win32
		{022520DC-D489-4F25-9F4D-7ACF2DE91C10}.Release|x86.Build.0 = Release|Win32
		{5170FCBA-1838-43B2-83F0-7DB1EB8AC9C4}.Debug|x64.ActiveCfg = Debug|x64
		{5170FCBA-1838-43B2-83F0-7DB1EB8AC9C4}.Debug|x64.Build.0 = Debug|x64
		{5170FCBA-1838-43B2-83F0-7DB1EB8AC9C4}.Debug|x86.ActiveCfg = Debug|Win32
		{5170FCBA-1838-43B2-83F0-7DB1EB8AC9C4}.Debug|x86.Build.0 = Debug|Win32
		{5170FCBA-1838-43B2-83F0-7DB1EB8AC9C4}.Release|x64.ActiveCfg = Release|x64
		{5170FCBA-1838-43B2-83F0-7DB1EB8AC9C4}.Release|x64.Build.0 = Release|x64
		{5170FCBA-1838-43B2-83F0-7DB1EB8AC9C4}.Release|x86.ActiveCfg = Release|Win32
		{5170FCBA-1838-43B2-83F0-7DB1EB8AC9C4}.Release|x86.Build.0 = Release|Win32
		{590A35CB-F7E3-4121-8235-B795569470B6}.Debug|x64.ActiveCfg = Debug|x64
		{590A35CB-F7E3-4121-8235-B795569470B6}.Debug|x64.Build.0 = Debug|x64
		{590A35CB-F7E3-4121-8235-B795569470B6}.Debug|x86.ActiveCfg = Debug|Win32
		{590A35CB-F7E3-4121-8235-B795569470B6}.Debug|x86.Build.0 = Debug|Win32
		{590A35CB-F7E3-4121-8235-B795569470B6}.Release|x64.ActiveCfg = Release|x64
		{590A35CB-F7E3-4121-8235-B795569470B6}.Release|x64.Build.0 = Release|x64
		{590A35CB-F7E3-4121-8235-B795569470B6}.Release|x86.ActiveCfg = Release|Win32
		{590A35CB-F7E3-4121-8235-B795569470B6}.Release|x86.Build.0 = Release|Win32
		{7B199BD8-7469-4AF7-8204-E898558F5855}.Debug|x64.ActiveCfg = Debug|x64
		{7B199BD8-7469-4AF7-8204-E898558F5855}.Debug|x64.Build.0 = Debug|x64
		{7B199BD8-7469-4AF7-8204-E898558F5855}.Debug|x86.ActiveCfg = Debug|Win32
		{7B199BD8-7469-4AF7-8204-E898558F5855}.Debug|x86.Build.0 = Debug|Win32
		{7B199BD8-7469-4AF7-8204-E898558F5855}.Release|x64.ActiveCfg = Release|x64
		{7B199BD8-7469-4AF7-8204-E898558F5855}.Release|x64.Build.0 = Release|x64
		{7B199BD8-7469-4AF7-8204-E898558F5855}.Release|x86.ActiveCfg = Release|Win32
		{7B199BD8-7469-4AF7-8204-E898558F5855}.Release|x86.Build.0 = Release|Win32
		{41B7A6E8-91BB-449B-8F31-8F61EE14FCDF}.Debug|x64.ActiveCfg = Debug|x64
		{41B7A6E8-91BB-449B-8F31-8F61EE14FCDF}.Debug|x64.Build.0 = Debug|x64
		{41B7A6E8-91BB-449B-8F31-8F61EE14FCDF}.Debug|x86.ActiveCfg = Debug|Win32
		{41B7A6E8-91BB-449B-8F31-8F61EE14FCDF}.Debug|x86.Build.0 = Debug|Win32
		{41B7A6E8-91BB-449B-8F31-8F61EE14FCDF}.Release|x64.ActiveCfg = Release|x64
		{41B7A6E8-91BB-449B-8F31-8F61EE14FCDF}.Release|x64.Build.0 = Release|x64
		{41B7A6E8-91BB-449B-8F31-8F61EE14FCDF}.Release|x86.ActiveCfg = Release|Win32
		{41B7A6E8-91BB-449B-8F31-8F61EE14FCDF}.Release|x86.Build.0 = Release|Win32
		{67193BEF-3C97-4D53-AA66-EE65163ACEE8}.Debug|x64.ActiveCfg = Debug|x64
		{67193BEF-3C97-4D53-AA66-EE65163ACEE8}.Debug|x64.Build.0 = Debug|x64
		{67193BEF-3C97-4D53-AA66-EE65163ACEE8}.Debug|x86.ActiveCfg = Debug|Win32
		{67193BEF-3C97-4D53-AA66-EE65163ACEE8}.Debug|x86.Build.0 = Debug|Win32
		{67193BEF-3C97-4D53-AA66-EE65163ACEE8}.Release|x64.ActiveCfg = Release|x64
		{67193BEF-3C97-4D53-AA66-EE65163ACEE8}.Release|x64.Build.0 = Release|x64
		{67193BEF-3C97-4D53-AA66-EE65163ACEE8}.Release|x86.ActiveCfg = Release|Win32
		{67193BEF-3C97-4D53-AA66-EE65163ACEE8}.Release|x86.Build.0 = Release|Win32
		{6512DD4D-0CE2-4FE7-8F03-2AA2E374AC2E}.Debug|x64.ActiveCfg = Debug|x64
		{6512DD4D-0CE2-4FE7-8F03-2AA2E374AC2E}.Debug|x64.Build.0 = Debug|x64
		{6512DD4D-0CE2-4FE7-8F03-2AA2E374AC2E}.Debug|x86.ActiveCfg = Debug|Win32
		{6512DD4D-0CE2-4FE7-8F03-2AA2E374AC2E}.Debug|x86.Build.0 = Debug|Win32
		{6512DD4D-0CE2-4FE7-8F03-2AA2E374AC2E}.Release|x64.ActiveCfg = Release|x64
		{6512DD4D-0CE2-4FE7-8F03-2AA2E374AC2E}.Release|x64.Build.0 = Release|x64
		{6512DD4D-0CE2-4FE7-8F03-2AA2E374AC2E}.Release|x86.ActiveCfg = Release|Win32
		{6512DD4D-0CE2-4FE7-8F03-2AA2E374AC2E}.Release|x86.Build.0 = Release|Win32
		{545A7223-A3CF-43DA-B8ED-F4429267268E}.Debug|x64.ActiveCfg = Debug|x64
		{545A7223-A3CF-43DA-B8ED-F4429267268E}.Debug|x64.Build.0 = Debug|x64
		{545A7223-A3CF-43DA-B8ED-F4429267268E}.Debug|x86.ActiveCfg = Debug|Win32
		{545A7223-A3CF-43DA-B8ED-F4429267268E}.Debug|x86.Build.0 = Debug|Win32
		{545A7223-A3CF-43DA-B8ED-F4429267268E}.Release|x64.ActiveCfg = Release|x64
		{545A7223-A3CF-43DA-B8ED-F4429267268E}.Release|x64.Build.0 = Release|x64
		{545A7223-A3CF-43DA-B8ED-F4429267268E}.Release|x86.ActiveCfg = Release|Win32
		{545A7223-A3CF-43DA-B8ED-F4429267268E}.Release|x86.Build.0 = Release|Win32
		{FFF4AAEA-E711-41AE-AF38-00767888E0C1}.Debug|x64.ActiveCfg = Debug|x64
		{FFF4AAEA-E711-41AE-AF38-00767888E0C1}.Debug|x64.Build.0 = Debug|x64
		{FFF4AAEA-E711-41AE-AF38-00767888E0C1}.Debug|x86.ActiveCfg = Debug|Win32
		{FFF4AAEA-E711-41AE-AF38-00767888E0C1}.Debug|x86.Build.0 = Debug|Win32
		{FFF4AAEA-E711-41AE-AF38-00767888E0C1}.Release|x64.ActiveCfg = Release|x64
		{FFF4AAEA-E711-41AE-AF38-00767888E0C1}.Release|x64.Build.0 = Release|x64
		{FFF4AAEA-E711-41AE-AF38-00767888E0C1}.Release|x86.ActiveCfg = Release|Win32
		{FFF4AAEA-E711-41AE-AF38-00767888E0C1}.Release|x86.Build.0 = Release|Win32
		{23D962D2-83ED-44AA-A2C6-BC39A8CA5E5D}.Debug|x64.ActiveCfg = Debug|x64
		{23D962D2-83ED-44AA-A2C6-BC39A8CA5E5D}.Debug|x64.Build.0 = Debug|x64
		{23D962D2-83ED-44AA-A2C6-BC39A8CA5E5D}.Debug|x86.ActiveCfg = Debug|Win32
		{23D962D2-83ED-44AA-A2C6-BC39A8CA5E5D}.Debug|x86.Build.0 = Debug|Win32
		{23D962D2-83ED-44AA-A2C6-BC39A8CA5E5D}.Release|x64.ActiveCfg = Release|x64
		{23D962D2-83ED-44AA-A2C6-BC39A8CA5E5D}.Release|x64.Build.0 = Release|x64
		{23D962D2-83ED-44AA-A2C6-BC39A8CA5E5D}.Release|x86.ActiveCfg = Release|Win32
		{23D962D2-83ED-44AA-A2C6-BC39A8CA5E5D}.Release|x86.Build.0 = Release|Win32
		{E65B7BDC-15B7-4E37-AB57-BC6393CE57A1}.Debug|x64.ActiveCfg = Debug|x64
		{E65B7BDC-15B7-4E37-AB57-BC6393CE57A1}.Debug|x64.Build.0 = Debug|x64
		{E65B7BDC-15B7-4E37-AB57-BC6393CE57A1}.Debug|x86.ActiveCfg = Debug|Win32
		{E65B7BDC-15B7-4E37-AB57-BC6393CE57A1}.Debug|x86.Build.0 = Debug|Win32
		{E65B7BDC-15B7-4E37-AB57-BC6393CE57A1}.Release|x64.ActiveCfg = Release|x64
		{E65B7BDC-15B7-4E37-AB57-BC6393CE57A1}.Release|x64.Build.0 = Release|x64
		{E65B7BDC-15B7-4E37-AB57-BC6393CE57A1}.Release|x86.ActiveCfg = Release|Win32
		{E65B7BDC-15B7-4E37-AB57-BC6393CE57A1}.Release|x86.Build.0 = Release|Win32
	EndGlobalSection
	GlobalSection(SolutionProperties) = preSolution
		HideSolutionNode = FALSE
	EndGlobalSection
	GlobalSection(ExtensibilityGlobals) = postSolution
		SolutionGuid = {73AA35E1-FCAC-4059-B8AE-0CEC9B274C2A}
	EndGlobalSection
EndGlobal
