
Microsoft Visual Studio Solution File, Format Version 12.00
# Visual Studio Version 17
VisualStudioVersion = 17.2.32630.192
MinimumVisualStudioVersion = 10.0.40219.1
Project("{8BC9CEB8-8B4A-11D0-8D11-00A0C91BC942}") = "COTE", "COTE.vcxproj", "{B01B0035-9A3B-4758-9DDC-A9226C572848}"
EndProject
Project("{8BC9CEB8-8B4A-11D0-8D11-00A0C91BC942}") = "1152", "..\1152\1152.vcxproj", "{95E7A17D-27C7-4FE5-A35B-2A5C909CA99F}"
EndProject
Project("{8BC9CEB8-8B4A-11D0-8D11-00A0C91BC942}") = "8958", "..\8958\8958.vcxproj", "{CB6ABF0D-793C-481B-AFF1-185345F9FBB2}"
EndProject
Project("{8BC9CEB8-8B4A-11D0-8D11-00A0C91BC942}") = "4673", "..\4673\4673.vcxproj", "{38F0DEB7-1C82-42E7-898E-1F2399C239B4}"
EndProject
Project("{8BC9CEB8-8B4A-11D0-8D11-00A0C91BC942}") = "10814", "..\10814\10814.vcxproj", "{34F4536F-5849-488E-A970-8076E5B30C3D}"
EndProject
Project("{8BC9CEB8-8B4A-11D0-8D11-00A0C91BC942}") = "11399", "..\11399\11399.vcxproj", "{4DC428AD-93C2-4138-A81F-65E743E7CBA4}"
EndProject
Project("{8BC9CEB8-8B4A-11D0-8D11-00A0C91BC942}") = "1181", "..\1181\1181.vcxproj", "{E3244BC4-A45F-4F2F-9EA0-57EB3A14BC58}"
EndProject
Global
	GlobalSection(SolutionConfigurationPlatforms) = preSolution
		Debug|x64 = Debug|x64
		Debug|x86 = Debug|x86
		Release|x64 = Release|x64
		Release|x86 = Release|x86
	EndGlobalSection
	GlobalSection(ProjectConfigurationPlatforms) = postSolution
		{B01B0035-9A3B-4758-9DDC-A9226C572848}.Debug|x64.ActiveCfg = Debug|x64
		{B01B0035-9A3B-4758-9DDC-A9226C572848}.Debug|x64.Build.0 = Debug|x64
		{B01B0035-9A3B-4758-9DDC-A9226C572848}.Debug|x86.ActiveCfg = Debug|Win32
		{B01B0035-9A3B-4758-9DDC-A9226C572848}.Debug|x86.Build.0 = Debug|Win32
		{B01B0035-9A3B-4758-9DDC-A9226C572848}.Release|x64.ActiveCfg = Release|x64
		{B01B0035-9A3B-4758-9DDC-A9226C572848}.Release|x64.Build.0 = Release|x64
		{B01B0035-9A3B-4758-9DDC-A9226C572848}.Release|x86.ActiveCfg = Release|Win32
		{B01B0035-9A3B-4758-9DDC-A9226C572848}.Release|x86.Build.0 = Release|Win32
		{95E7A17D-27C7-4FE5-A35B-2A5C909CA99F}.Debug|x64.ActiveCfg = Debug|x64
		{95E7A17D-27C7-4FE5-A35B-2A5C909CA99F}.Debug|x64.Build.0 = Debug|x64
		{95E7A17D-27C7-4FE5-A35B-2A5C909CA99F}.Debug|x86.ActiveCfg = Debug|Win32
		{95E7A17D-27C7-4FE5-A35B-2A5C909CA99F}.Debug|x86.Build.0 = Debug|Win32
		{95E7A17D-27C7-4FE5-A35B-2A5C909CA99F}.Release|x64.ActiveCfg = Release|x64
		{95E7A17D-27C7-4FE5-A35B-2A5C909CA99F}.Release|x64.Build.0 = Release|x64
		{95E7A17D-27C7-4FE5-A35B-2A5C909CA99F}.Release|x86.ActiveCfg = Release|Win32
		{95E7A17D-27C7-4FE5-A35B-2A5C909CA99F}.Release|x86.Build.0 = Release|Win32
		{CB6ABF0D-793C-481B-AFF1-185345F9FBB2}.Debug|x64.ActiveCfg = Debug|x64
		{CB6ABF0D-793C-481B-AFF1-185345F9FBB2}.Debug|x64.Build.0 = Debug|x64
		{CB6ABF0D-793C-481B-AFF1-185345F9FBB2}.Debug|x86.ActiveCfg = Debug|Win32
		{CB6ABF0D-793C-481B-AFF1-185345F9FBB2}.Debug|x86.Build.0 = Debug|Win32
		{CB6ABF0D-793C-481B-AFF1-185345F9FBB2}.Release|x64.ActiveCfg = Release|x64
		{CB6ABF0D-793C-481B-AFF1-185345F9FBB2}.Release|x64.Build.0 = Release|x64
		{CB6ABF0D-793C-481B-AFF1-185345F9FBB2}.Release|x86.ActiveCfg = Release|Win32
		{CB6ABF0D-793C-481B-AFF1-185345F9FBB2}.Release|x86.Build.0 = Release|Win32
		{38F0DEB7-1C82-42E7-898E-1F2399C239B4}.Debug|x64.ActiveCfg = Debug|x64
		{38F0DEB7-1C82-42E7-898E-1F2399C239B4}.Debug|x64.Build.0 = Debug|x64
		{38F0DEB7-1C82-42E7-898E-1F2399C239B4}.Debug|x86.ActiveCfg = Debug|Win32
		{38F0DEB7-1C82-42E7-898E-1F2399C239B4}.Debug|x86.Build.0 = Debug|Win32
		{38F0DEB7-1C82-42E7-898E-1F2399C239B4}.Release|x64.ActiveCfg = Release|x64
		{38F0DEB7-1C82-42E7-898E-1F2399C239B4}.Release|x64.Build.0 = Release|x64
		{38F0DEB7-1C82-42E7-898E-1F2399C239B4}.Release|x86.ActiveCfg = Release|Win32
		{38F0DEB7-1C82-42E7-898E-1F2399C239B4}.Release|x86.Build.0 = Release|Win32
		{34F4536F-5849-488E-A970-8076E5B30C3D}.Debug|x64.ActiveCfg = Debug|x64
		{34F4536F-5849-488E-A970-8076E5B30C3D}.Debug|x64.Build.0 = Debug|x64
		{34F4536F-5849-488E-A970-8076E5B30C3D}.Debug|x86.ActiveCfg = Debug|Win32
		{34F4536F-5849-488E-A970-8076E5B30C3D}.Debug|x86.Build.0 = Debug|Win32
		{34F4536F-5849-488E-A970-8076E5B30C3D}.Release|x64.ActiveCfg = Release|x64
		{34F4536F-5849-488E-A970-8076E5B30C3D}.Release|x64.Build.0 = Release|x64
		{34F4536F-5849-488E-A970-8076E5B30C3D}.Release|x86.ActiveCfg = Release|Win32
		{34F4536F-5849-488E-A970-8076E5B30C3D}.Release|x86.Build.0 = Release|Win32
		{4DC428AD-93C2-4138-A81F-65E743E7CBA4}.Debug|x64.ActiveCfg = Debug|x64
		{4DC428AD-93C2-4138-A81F-65E743E7CBA4}.Debug|x64.Build.0 = Debug|x64
		{4DC428AD-93C2-4138-A81F-65E743E7CBA4}.Debug|x86.ActiveCfg = Debug|Win32
		{4DC428AD-93C2-4138-A81F-65E743E7CBA4}.Debug|x86.Build.0 = Debug|Win32
		{4DC428AD-93C2-4138-A81F-65E743E7CBA4}.Release|x64.ActiveCfg = Release|x64
		{4DC428AD-93C2-4138-A81F-65E743E7CBA4}.Release|x64.Build.0 = Release|x64
		{4DC428AD-93C2-4138-A81F-65E743E7CBA4}.Release|x86.ActiveCfg = Release|Win32
		{4DC428AD-93C2-4138-A81F-65E743E7CBA4}.Release|x86.Build.0 = Release|Win32
		{E3244BC4-A45F-4F2F-9EA0-57EB3A14BC58}.Debug|x64.ActiveCfg = Debug|x64
		{E3244BC4-A45F-4F2F-9EA0-57EB3A14BC58}.Debug|x64.Build.0 = Debug|x64
		{E3244BC4-A45F-4F2F-9EA0-57EB3A14BC58}.Debug|x86.ActiveCfg = Debug|Win32
		{E3244BC4-A45F-4F2F-9EA0-57EB3A14BC58}.Debug|x86.Build.0 = Debug|Win32
		{E3244BC4-A45F-4F2F-9EA0-57EB3A14BC58}.Release|x64.ActiveCfg = Release|x64
		{E3244BC4-A45F-4F2F-9EA0-57EB3A14BC58}.Release|x64.Build.0 = Release|x64
		{E3244BC4-A45F-4F2F-9EA0-57EB3A14BC58}.Release|x86.ActiveCfg = Release|Win32
		{E3244BC4-A45F-4F2F-9EA0-57EB3A14BC58}.Release|x86.Build.0 = Release|Win32
	EndGlobalSection
	GlobalSection(SolutionProperties) = preSolution
		HideSolutionNode = FALSE
	EndGlobalSection
	GlobalSection(ExtensibilityGlobals) = postSolution
		SolutionGuid = {73AA35E1-FCAC-4059-B8AE-0CEC9B274C2A}
	EndGlobalSection
EndGlobal
